{
  "name": "misc_examples",
  "version": "1.0.0",
  "lockfileVersion": 1,
  "requires": true,
  "dependencies": {
    "nan": {
      "version": "2.12.1",
      "resolved": "https://registry.npmjs.org/nan/-/nan-2.12.1.tgz",
      "integrity": "sha512-JY7V6lRkStKcKTvHO5NVSQRv+RV+FIL5pvDoLiAtSL9pKlC5x9PKQcZDsq7m4FO4d57mkhC6Z+QhAh3Jdk5JFw=="
    },
    "sleep": {
      "version": "5.2.4",
      "resolved": "https://registry.npmjs.org/sleep/-/sleep-5.2.4.tgz",
      "integrity": "sha512-SoltvxayTifWOgOGD6CTh+djcp5TaOa/zdbaA38wEH1ahF2azmiLOh8CPt6ExHf0pAJAsA9OCHTS7zK24Ym4yA==",
      "requires": {
        "nan": ">=2.12.1"
      }
    },
    "stack-trace": {
      "version": "0.0.10",
      "resolved": "https://registry.npmjs.org/stack-trace/-/stack-trace-0.0.10.tgz",
      "integrity": "sha1-VHxws0fo0ytOEI6hoqFZ5f3eGcA="
    }
  }
}
